{
  "requires": true,
  "lockfileVersion": 1,
  "dependencies": {
    "angular": {
      "version": "1.7.2",
      "resolved": "https://registry.npmjs.org/angular/-/angular-1.7.2.tgz",
      "integrity": "sha512-JcKKJbBdybUsmQ6x1M3xWyTYQ/ioVKJhSByEAjqrhmlOfvMFdhfMqAx5KIo8rLGk4DFolYPcCSgssjgTVjCtRQ=="
    },
    "angular-animate": {
      "version": "1.7.2",
      "resolved": "https://registry.npmjs.org/angular-animate/-/angular-animate-1.7.2.tgz",
      "integrity": "sha512-/MQL2FEFXhdzFUKJ9AJq6gAYz3YGsh2xHTztuQKY5FkqjEBpF5YGypgprTz153P7t51T8nFqLsG8jwkpRdM6gg=="
    },
    "angular-aria": {
      "version": "1.7.2",
      "resolved": "https://registry.npmjs.org/angular-aria/-/angular-aria-1.7.2.tgz",
      "integrity": "sha512-tnra11eAHwwMCgWg6Uo9WKZPXF6u4NcpK8xOfYbSWKdTil4aQjUwvEJWBp6r7h312oeIF1lb6hjXOYFg0PUsYw=="
    },
    "angular-material": {
      "version": "1.1.10",
      "resolved": "https://registry.npmjs.org/angular-material/-/angular-material-1.1.10.tgz",
      "integrity": "sha512-LfBt5a1AVPbtsFzbmAyyZj90Gtc1U94OGtfMEauGzwsfqTnbH/y/9dtndH84N9S65wXkBoBe3VG6kfyoQSeCVw=="
    },
    "angular-messages": {
      "version": "1.7.2",
      "resolved": "https://registry.npmjs.org/angular-messages/-/angular-messages-1.7.2.tgz",
      "integrity": "sha512-hLBZAApHpemfTN3IsItSczrLVm+6sAIn9XRV5PEFKBmfqE1umAmPAeFByfy9DLebJyR17rcFQ5qMj/KZk0ZtBA=="
    },
    "jquery": {
      "version": "3.3.1",
      "resolved": "https://registry.npmjs.org/jquery/-/jquery-3.3.1.tgz",
      "integrity": "sha512-Ubldcmxp5np52/ENotGxlLe6aGMvmF4R8S6tZjsP6Knsaxd/xp3Zrh50cG93lR6nPXyUFwzN3ZSOQI0wRJNdGg=="
    }
  }
}
